
Microsoft Visual Studio Solution File, Format Version 12.00
# Visual Studio 2012
Project("{D954291E-2A0B-460D-934E-DC6B0785DB48}") = "TestPinchToZoom", "TestPinchToZoom\TestPinchToZoom.shproj", "{5AB5C8B0-8C31-4385-9537-F5C96B9287EE}"
EndProject
Project("{FAE04EC0-301F-11D3-BF4B-00C04F79EFBC}") = "TestPinchToZoom.iOS", "iOS\TestPinchToZoom.iOS.csproj", "{2782DBC7-D195-499D-81BA-8BE79E31C9A0}"
EndProject
Project("{FAE04EC0-301F-11D3-BF4B-00C04F79EFBC}") = "TestPinchToZoom.UITests", "UITests\TestPinchToZoom.UITests.csproj", "{92261C2D-3872-4438-8D65-AD7E4AA66DF1}"
EndProject
Global
	GlobalSection(SolutionConfigurationPlatforms) = preSolution
		Debug|iPhoneSimulator = Debug|iPhoneSimulator
		Release|iPhone = Release|iPhone
		Release|iPhoneSimulator = Release|iPhoneSimulator
		Debug|iPhone = Debug|iPhone
		Debug|Any CPU = Debug|Any CPU
		Release|Any CPU = Release|Any CPU
	EndGlobalSection
	GlobalSection(ProjectConfigurationPlatforms) = postSolution
		{2782DBC7-D195-499D-81BA-8BE79E31C9A0}.Debug|Any CPU.ActiveCfg = Debug|iPhoneSimulator
		{2782DBC7-D195-499D-81BA-8BE79E31C9A0}.Debug|Any CPU.Build.0 = Debug|iPhoneSimulator
		{2782DBC7-D195-499D-81BA-8BE79E31C9A0}.Debug|iPhone.ActiveCfg = Debug|iPhone
		{2782DBC7-D195-499D-81BA-8BE79E31C9A0}.Debug|iPhone.Build.0 = Debug|iPhone
		{2782DBC7-D195-499D-81BA-8BE79E31C9A0}.Debug|iPhoneSimulator.ActiveCfg = Debug|iPhoneSimulator
		{2782DBC7-D195-499D-81BA-8BE79E31C9A0}.Debug|iPhoneSimulator.Build.0 = Debug|iPhoneSimulator
		{2782DBC7-D195-499D-81BA-8BE79E31C9A0}.Release|Any CPU.ActiveCfg = Release|iPhone
		{2782DBC7-D195-499D-81BA-8BE79E31C9A0}.Release|Any CPU.Build.0 = Release|iPhone
		{2782DBC7-D195-499D-81BA-8BE79E31C9A0}.Release|iPhone.ActiveCfg = Release|iPhone
		{2782DBC7-D195-499D-81BA-8BE79E31C9A0}.Release|iPhone.Build.0 = Release|iPhone
		{2782DBC7-D195-499D-81BA-8BE79E31C9A0}.Release|iPhoneSimulator.ActiveCfg = Release|iPhoneSimulator
		{2782DBC7-D195-499D-81BA-8BE79E31C9A0}.Release|iPhoneSimulator.Build.0 = Release|iPhoneSimulator
		{92261C2D-3872-4438-8D65-AD7E4AA66DF1}.Debug|Any CPU.ActiveCfg = Debug|Any CPU
		{92261C2D-3872-4438-8D65-AD7E4AA66DF1}.Debug|Any CPU.Build.0 = Debug|Any CPU
		{92261C2D-3872-4438-8D65-AD7E4AA66DF1}.Debug|iPhone.ActiveCfg = Debug|Any CPU
		{92261C2D-3872-4438-8D65-AD7E4AA66DF1}.Debug|iPhone.Build.0 = Debug|Any CPU
		{92261C2D-3872-4438-8D65-AD7E4AA66DF1}.Debug|iPhoneSimulator.ActiveCfg = Debug|Any CPU
		{92261C2D-3872-4438-8D65-AD7E4AA66DF1}.Debug|iPhoneSimulator.Build.0 = Debug|Any CPU
		{92261C2D-3872-4438-8D65-AD7E4AA66DF1}.Release|Any CPU.ActiveCfg = Release|Any CPU
		{92261C2D-3872-4438-8D65-AD7E4AA66DF1}.Release|Any CPU.Build.0 = Release|Any CPU
		{92261C2D-3872-4438-8D65-AD7E4AA66DF1}.Release|iPhone.ActiveCfg = Release|Any CPU
		{92261C2D-3872-4438-8D65-AD7E4AA66DF1}.Release|iPhone.Build.0 = Release|Any CPU
		{92261C2D-3872-4438-8D65-AD7E4AA66DF1}.Release|iPhoneSimulator.ActiveCfg = Release|Any CPU
		{92261C2D-3872-4438-8D65-AD7E4AA66DF1}.Release|iPhoneSimulator.Build.0 = Release|Any CPU
	EndGlobalSection
EndGlobal
